Microsoft Visual Studio Solution File, Format Version 12.00
# Visual Studio Version 18
VisualStudioVersion = 18.7.11925.98
MinimumVisualStudioVersion = 10.0.40219.1
Project("{FAE04EC0-301F-11D3-BF4B-00C04F79EFBC}") = "ResxExporter", "ResxExporter\ResxExporter.csproj", "{04CE289F-EEE9-0541-1A82-27D7AC001ADA}"
EndProject
Project("{FAE04EC0-301F-11D3-BF4B-00C04F79EFBC}") = "tosExporter", "tosExporter\tosExporter.csproj", "{FC8F5145-88B4-4E79-8F20-68F8A9513200}"
EndProject
Project("{FAE04EC0-301F-11D3-BF4B-00C04F79EFBC}") = "DatabaseMigrationTool", "DatabaseMigrationTool\DatabaseMigrationTool.csproj", "{BCA32146-59C2-4B6B-9CF1-950310A2857F}"
EndProject
Global
	GlobalSection(SolutionConfigurationPlatforms) = preSolution
		Debug|Any CPU = Debug|Any CPU
		Release|Any CPU = Release|Any CPU
	EndGlobalSection
	GlobalSection(ProjectConfigurationPlatforms) = postSolution
		{04CE289F-EEE9-0541-1A82-27D7AC001ADA}.Debug|Any CPU.ActiveCfg = Debug|Any CPU
		{04CE289F-EEE9-0541-1A82-27D7AC001ADA}.Debug|Any CPU.Build.0 = Debug|Any CPU
		{04CE289F-EEE9-0541-1A82-27D7AC001ADA}.Release|Any CPU.ActiveCfg = Release|Any CPU
		{04CE289F-EEE9-0541-1A82-27D7AC001ADA}.Release|Any CPU.Build.0 = Release|Any CPU
		{FC8F5145-88B4-4E79-8F20-68F8A9513200}.Debug|Any CPU.ActiveCfg = Debug|Any CPU
		{FC8F5145-88B4-4E79-8F20-68F8A9513200}.Debug|Any CPU.Build.0 = Debug|Any CPU
		{FC8F5145-88B4-4E79-8F20-68F8A9513200}.Release|Any CPU.ActiveCfg = Release|Any CPU
		{FC8F5145-88B4-4E79-8F20-68F8A9513200}.Release|Any CPU.Build.0 = Release|Any CPU
		{BCA32146-59C2-4B6B-9CF1-950310A2857F}.Debug|Any CPU.ActiveCfg = Debug|Any CPU
		{BCA32146-59C2-4B6B-9CF1-950310A2857F}.Debug|Any CPU.Build.0 = Debug|Any CPU
		{BCA32146-59C2-4B6B-9CF1-950310A2857F}.Release|Any CPU.ActiveCfg = Release|Any CPU
		{BCA32146-59C2-4B6B-9CF1-950310A2857F}.Release|Any CPU.Build.0 = Release|Any CPU
	EndGlobalSection
	GlobalSection(SolutionProperties) = preSolution
		HideSolutionNode = FALSE
	EndGlobalSection
	GlobalSection(ExtensibilityGlobals) = postSolution
		SolutionGuid = {68120650-F3C9-4A7D-9A58-72A7324E2F3B}
	EndGlobalSection
EndGlobal
