
Microsoft Visual Studio Solution File, Format Version 12.00
# Visual Studio Version 18
VisualStudioVersion = 18.7.11925.98
MinimumVisualStudioVersion = 10.0.40219.1
Project("{FAE04EC0-301F-11D3-BF4B-00C04F79EFBC}") = "KvizCommando.Server", "KvizCommando.Server\KvizCommando.Server.csproj", "{D7D5AB3E-35B7-41AE-A7D1-EF1BCAF7F0C2}"
EndProject
Project("{FAE04EC0-301F-11D3-BF4B-00C04F79EFBC}") = "KvizCommando.Shared", "KvizCommando.Shared\KvizCommando.Shared.csproj", "{CA897F0E-9A0D-4C3E-AFE5-EB5A2E4035B6}"
EndProject
Project("{FAE04EC0-301F-11D3-BF4B-00C04F79EFBC}") = "KvizCommando.Client", "KvizCommando.Client\KvizCommando.Client.csproj", "{4D03EE89-2887-4811-B816-E757BBE9B88B}"
EndProject
Project("{2150E333-8FDC-42A3-9474-1A3956D46DE8}") = "Docs", "Docs", "{8EC462FD-D22E-90A8-E5CE-7E832BA40C5D}"
	ProjectSection(SolutionItems) = preProject
		..\..\..\..\..\Downloads\SoloGameServer_project_style\SoloGameServer_project_style\INSTALL_HU.md = ..\..\..\..\..\Downloads\SoloGameServer_project_style\SoloGameServer_project_style\INSTALL_HU.md
		..\..\..\..\..\Downloads\SoloGame-client-kodreszletek\SoloGame-client-kodreszletek\modositasok\README.md = ..\..\..\..\..\Downloads\SoloGame-client-kodreszletek\SoloGame-client-kodreszletek\modositasok\README.md
		Runbook_CheckIn_Terms_ClaimFlow.md = Runbook_CheckIn_Terms_ClaimFlow.md
		..\ops\Runbook_CheckIn_Terms_Update.md = ..\ops\Runbook_CheckIn_Terms_Update.md
		Runbook_Legal_Update.md = Runbook_Legal_Update.md
		Runbook_tosExporter.md = Runbook_tosExporter.md
	EndProjectSection
EndProject
Project("{FAE04EC0-301F-11D3-BF4B-00C04F79EFBC}") = "ResxExporter", "..\BuildTools\ResxExporter\ResxExporter.csproj", "{F037C947-5334-81B7-4C25-CB7D6B6878BE}"
EndProject
Project("{FAE04EC0-301F-11D3-BF4B-00C04F79EFBC}") = "tosExporter", "..\BuildTools\tosExporter\tosExporter.csproj", "{FC8F5145-88B4-4E79-8F20-68F8A9513200}"
EndProject
Project("{FAE04EC0-301F-11D3-BF4B-00C04F79EFBC}") = "BenchmarkSuite1", "BenchmarkSuite1\BenchmarkSuite1.csproj", "{A20861A9-411E-6150-BF5C-69E8196E5D22}"
EndProject
Project("{2150E333-8FDC-42A3-9474-1A3956D46DE8}") = "Temp", "Temp", "{90F8315A-55AF-429B-B322-4164C1B17114}"
EndProject
Global
	GlobalSection(SolutionConfigurationPlatforms) = preSolution
		Debug|Any CPU = Debug|Any CPU
		Release|Any CPU = Release|Any CPU
	EndGlobalSection
	GlobalSection(ProjectConfigurationPlatforms) = postSolution
		{D7D5AB3E-35B7-41AE-A7D1-EF1BCAF7F0C2}.Debug|Any CPU.ActiveCfg = Debug|Any CPU
		{D7D5AB3E-35B7-41AE-A7D1-EF1BCAF7F0C2}.Debug|Any CPU.Build.0 = Debug|Any CPU
		{D7D5AB3E-35B7-41AE-A7D1-EF1BCAF7F0C2}.Release|Any CPU.ActiveCfg = Release|Any CPU
		{D7D5AB3E-35B7-41AE-A7D1-EF1BCAF7F0C2}.Release|Any CPU.Build.0 = Release|Any CPU
		{CA897F0E-9A0D-4C3E-AFE5-EB5A2E4035B6}.Debug|Any CPU.ActiveCfg = Debug|Any CPU
		{CA897F0E-9A0D-4C3E-AFE5-EB5A2E4035B6}.Debug|Any CPU.Build.0 = Debug|Any CPU
		{CA897F0E-9A0D-4C3E-AFE5-EB5A2E4035B6}.Release|Any CPU.ActiveCfg = Release|Any CPU
		{CA897F0E-9A0D-4C3E-AFE5-EB5A2E4035B6}.Release|Any CPU.Build.0 = Release|Any CPU
		{4D03EE89-2887-4811-B816-E757BBE9B88B}.Debug|Any CPU.ActiveCfg = Debug|Any CPU
		{4D03EE89-2887-4811-B816-E757BBE9B88B}.Debug|Any CPU.Build.0 = Debug|Any CPU
		{4D03EE89-2887-4811-B816-E757BBE9B88B}.Release|Any CPU.ActiveCfg = Release|Any CPU
		{4D03EE89-2887-4811-B816-E757BBE9B88B}.Release|Any CPU.Build.0 = Release|Any CPU
		{F037C947-5334-81B7-4C25-CB7D6B6878BE}.Debug|Any CPU.ActiveCfg = Debug|Any CPU
		{F037C947-5334-81B7-4C25-CB7D6B6878BE}.Release|Any CPU.ActiveCfg = Release|Any CPU
		{F037C947-5334-81B7-4C25-CB7D6B6878BE}.Release|Any CPU.Build.0 = Release|Any CPU
		{FC8F5145-88B4-4E79-8F20-68F8A9513200}.Debug|Any CPU.ActiveCfg = Debug|Any CPU
		{FC8F5145-88B4-4E79-8F20-68F8A9513200}.Release|Any CPU.ActiveCfg = Release|Any CPU
		{FC8F5145-88B4-4E79-8F20-68F8A9513200}.Release|Any CPU.Build.0 = Release|Any CPU
		{A20861A9-411E-6150-BF5C-69E8196E5D22}.Debug|Any CPU.ActiveCfg = Debug|Any CPU
		{A20861A9-411E-6150-BF5C-69E8196E5D22}.Release|Any CPU.ActiveCfg = Release|Any CPU
		{A20861A9-411E-6150-BF5C-69E8196E5D22}.Release|Any CPU.Build.0 = Release|Any CPU
	EndGlobalSection
	GlobalSection(SolutionProperties) = preSolution
		HideSolutionNode = FALSE
	EndGlobalSection
	GlobalSection(ExtensibilityGlobals) = postSolution
		SolutionGuid = {09E8A238-9981-4E5A-96C5-FB90CB02DAA8}
	EndGlobalSection
EndGlobal
